// !$*UTF8*$!
{
	archiveVersion = 1;
	classes = {
	};
	objectVersion = 56;
	objects = {

/* Begin PBXBuildFile section */
		61278BE02C5C26EC00412D95 /* WordCloudGeneratorApp.swift in Sources */ = {isa = PBXBuildFile; fileRef = 61278BDF2C5C26EC00412D95 /* WordCloudGeneratorApp.swift */; };
		61278BE22C5C26EC00412D95 /* ContentView.swift in Sources */ = {isa = PBXBuildFile; fileRef = 61278BE12C5C26EC00412D95 /* ContentView.swift */; };
		61278BE42C5C26ED00412D95 /* Assets.xcassets in Resources */ = {isa = PBXBuildFile; fileRef = 61278BE32C5C26ED00412D95 /* Assets.xcassets */; };
		61278BE72C5C26ED00412D95 /* Preview Assets.xcassets in Resources */ = {isa = PBXBuildFile; fileRef = 61278BE62C5C26ED00412D95 /* Preview Assets.xcassets */; };
		61278BF12C5C26ED00412D95 /* WordCloudGeneratorTests.swift in Sources */ = {isa = PBXBuildFile; fileRef = 61278BF02C5C26ED00412D95 /* WordCloudGeneratorTests.swift */; };
		61278BFB2C5C26ED00412D95 /* WordCloudGeneratorUITests.swift in Sources */ = {isa = PBXBuildFile; fileRef = 61278BFA2C5C26ED00412D95 /* WordCloudGeneratorUITests.swift */; };
		61278BFD2C5C26ED00412D95 /* WordCloudGeneratorUITestsLaunchTests.swift in Sources */ = {isa = PBXBuildFile; fileRef = 61278BFC2C5C26ED00412D95 /* WordCloudGeneratorUITestsLaunchTests.swift */; };
/* End PBXBuildFile section */

/* Begin PBXContainerItemProxy section */
		61278BED2C5C26ED00412D95 /* PBXContainerItemProxy */ = {
			isa = PBXContainerItemProxy;
			containerPortal = 61278BD42C5C26EC00412D95 /* Project object */;
			proxyType = 1;
			remoteGlobalIDString = 61278BDB2C5C26EC00412D95;
			remoteInfo = WordCloudGenerator;
		};
		61278BF72C5C26ED00412D95 /* PBXContainerItemProxy */ = {
			isa = PBXContainerItemProxy;
			containerPortal = 61278BD42C5C26EC00412D95 /* Project object */;
			proxyType = 1;
			remoteGlobalIDString = 61278BDB2C5C26EC00412D95;
			remoteInfo = WordCloudGenerator;
		};
/* End PBXContainerItemProxy section */

/* Begin PBXFileReference section */
		61278BDC2C5C26EC00412D95 /* WordCloudGenerator.app */ = {isa = PBXFileReference; explicitFileType = wrapper.application; includeInIndex = 0; path = WordCloudGenerator.app; sourceTree = BUILT_PRODUCTS_DIR; };
		61278BDF2C5C26EC00412D95 /* WordCloudGeneratorApp.swift */ = {isa = PBXFileReference; lastKnownFileType = sourcecode.swift; path = WordCloudGeneratorApp.swift; sourceTree = "<group>"; };
		61278BE12C5C26EC00412D95 /* ContentView.swift */ = {isa = PBXFileReference; lastKnownFileType = sourcecode.swift; path = ContentView.swift; sourceTree = "<group>"; };
		61278BE32C5C26ED00412D95 /* Assets.xcassets */ = {isa = PBXFileReference; lastKnownFileType = folder.assetcatalog; path = Assets.xcassets; sourceTree = "<group>"; };
		61278BE62C5C26ED00412D95 /* Preview Assets.xcassets */ = {isa = PBXFileReference; lastKnownFileType = folder.assetcatalog; path = "Preview Assets.xcassets"; sourceTree = "<group>"; };
		61278BEC2C5C26ED00412D95 /* WordCloudGeneratorTests.xctest */ = {isa = PBXFileReference; explicitFileType = wrapper.cfbundle; includeInIndex = 0; path = WordCloudGeneratorTests.xctest; sourceTree = BUILT_PRODUCTS_DIR; };
		61278BF02C5C26ED00412D95 /* WordCloudGeneratorTests.swift */ = {isa = PBXFileReference; lastKnownFileType = sourcecode.swift; path = WordCloudGeneratorTests.swift; sourceTree = "<group>"; };
		61278BF62C5C26ED00412D95 /* WordCloudGeneratorUITests.xctest */ = {isa = PBXFileReference; explicitFileType = wrapper.cfbundle; includeInIndex = 0; path = WordCloudGeneratorUITests.xctest; sourceTree = BUILT_PRODUCTS_DIR; };
		61278BFA2C5C26ED00412D95 /* WordCloudGeneratorUITests.swift */ = {isa = PBXFileReference; lastKnownFileType = sourcecode.swift; path = WordCloudGeneratorUITests.swift; sourceTree = "<group>"; };
		61278BFC2C5C26ED00412D95 /* WordCloudGeneratorUITestsLaunchTests.swift */ = {isa = PBXFileReference; lastKnownFileType = sourcecode.swift; path = WordCloudGeneratorUITestsLaunchTests.swift; sourceTree = "<group>"; };
/* End PBXFileReference section */

/* Begin PBXFrameworksBuildPhase section */
		61278BD92C5C26EC00412D95 /* Frameworks */ = {
			isa = PBXFrameworksBuildPhase;
			buildActionMask = 2147483647;
			files = (
			);
			runOnlyForDeploymentPostprocessing = 0;
		};
		61278BE92C5C26ED00412D95 /* Frameworks */ = {
			isa = PBXFrameworksBuildPhase;
			buildActionMask = 2147483647;
			files = (
			);
			runOnlyForDeploymentPostprocessing = 0;
		};
		61278BF32C5C26ED00412D95 /* Frameworks */ = {
			isa = PBXFrameworksBuildPhase;
			buildActionMask = 2147483647;
			files = (
			);
			runOnlyForDeploymentPostprocessing = 0;
		};
/* End PBXFrameworksBuildPhase section */

/* Begin PBXGroup section */
		61278BD32C5C26EC00412D95 = {
			isa = PBXGroup;
			children = (
				61278BDE2C5C26EC00412D95 /* WordCloudGenerator */,
				61278BEF2C5C26ED00412D95 /* WordCloudGeneratorTests */,
				61278BF92C5C26ED00412D95 /* WordCloudGeneratorUITests */,
				61278BDD2C5C26EC00412D95 /* Products */,
			);
			sourceTree = "<group>";
		};
		61278BDD2C5C26EC00412D95 /* Products */ = {
			isa = PBXGroup;
			children = (
				61278BDC2C5C26EC00412D95 /* WordCloudGenerator.app */,
				61278BEC2C5C26ED00412D95 /* WordCloudGeneratorTests.xctest */,
				61278BF62C5C26ED00412D95 /* WordCloudGeneratorUITests.xctest */,
			);
			name = Products;
			sourceTree = "<group>";
		};
		61278BDE2C5C26EC00412D95 /* WordCloudGenerator */ = {
			isa = PBXGroup;
			children = (
				61278BDF2C5C26EC00412D95 /* WordCloudGeneratorApp.swift */,
				61278BE12C5C26EC00412D95 /* ContentView.swift */,
				61278BE32C5C26ED00412D95 /* Assets.xcassets */,
				61278BE52C5C26ED00412D95 /* Preview Content */,
			);
			path = WordCloudGenerator;
			sourceTree = "<group>";
		};
		61278BE52C5C26ED00412D95 /* Preview Content */ = {
			isa = PBXGroup;
			children = (
				61278BE62C5C26ED00412D95 /* Preview Assets.xcassets */,
			);
			path = "Preview Content";
			sourceTree = "<group>";
		};
		61278BEF2C5C26ED00412D95 /* WordCloudGeneratorTests */ = {
			isa = PBXGroup;
			children = (
				61278BF02C5C26ED00412D95 /* WordCloudGeneratorTests.swift */,
			);
			path = WordCloudGeneratorTests;
			sourceTree = "<group>";
		};
		61278BF92C5C26ED00412D95 /* WordCloudGeneratorUITests */ = {
			isa = PBXGroup;
			children = (
				61278BFA2C5C26ED00412D95 /* WordCloudGeneratorUITests.swift */,
				61278BFC2C5C26ED00412D95 /* WordCloudGeneratorUITestsLaunchTests.swift */,
			);
			path = WordCloudGeneratorUITests;
			sourceTree = "<group>";
		};
/* End PBXGroup section */

/* Begin PBXNativeTarget section */
		61278BDB2C5C26EC00412D95 /* WordCloudGenerator */ = {
			isa = PBXNativeTarget;
			buildConfigurationList = 61278C002C5C26ED00412D95 /* Build configuration list for PBXNativeTarget "WordCloudGenerator" */;
			buildPhases = (
				61278BD82C5C26EC00412D95 /* Sources */,
				61278BD92C5C26EC00412D95 /* Frameworks */,
				61278BDA2C5C26EC00412D95 /* Resources */,
			);
			buildRules = (
			);
			dependencies = (
			);
			name = WordCloudGenerator;
			productName = WordCloudGenerator;
			productReference = 61278BDC2C5C26EC00412D95 /* WordCloudGenerator.app */;
			productType = "com.apple.product-type.application";
		};
		61278BEB2C5C26ED00412D95 /* WordCloudGeneratorTests */ = {
			isa = PBXNativeTarget;
			buildConfigurationList = 61278C032C5C26ED00412D95 /* Build configuration list for PBXNativeTarget "WordCloudGeneratorTests" */;
			buildPhases = (
				61278BE82C5C26ED00412D95 /* Sources */,
				61278BE92C5C26ED00412D95 /* Frameworks */,
				61278BEA2C5C26ED00412D95 /* Resources */,
			);
			buildRules = (
			);
			dependencies = (
				61278BEE2C5C26ED00412D95 /* PBXTargetDependency */,
			);
			name = WordCloudGeneratorTests;
			productName = WordCloudGeneratorTests;
			productReference = 61278BEC2C5C26ED00412D95 /* WordCloudGeneratorTests.xctest */;
			productType = "com.apple.product-type.bundle.unit-test";
		};
		61278BF52C5C26ED00412D95 /* WordCloudGeneratorUITests */ = {
			isa = PBXNativeTarget;
			buildConfigurationList = 61278C062C5C26ED00412D95 /* Build configuration list for PBXNativeTarget "WordCloudGeneratorUITests" */;
			buildPhases = (
				61278BF22C5C26ED00412D95 /* Sources */,
				61278BF32C5C26ED00412D95 /* Frameworks */,
				61278BF42C5C26ED00412D95 /* Resources */,
			);
			buildRules = (
			);
			dependencies = (
				61278BF82C5C26ED00412D95 /* PBXTargetDependency */,
			);
			name = WordCloudGeneratorUITests;
			productName = WordCloudGeneratorUITests;
			productReference = 61278BF62C5C26ED00412D95 /* WordCloudGeneratorUITests.xctest */;
			productType = "com.apple.product-type.bundle.ui-testing";
		};
/* End PBXNativeTarget section */

/* Begin PBXProject section */
		61278BD42C5C26EC00412D95 /* Project object */ = {
			isa = PBXProject;
			attributes = {
				BuildIndependentTargetsInParallel = 1;
				LastSwiftUpdateCheck = 1540;
				LastUpgradeCheck = 1540;
				TargetAttributes = {
					61278BDB2C5C26EC00412D95 = {
						CreatedOnToolsVersion = 15.4;
					};
					61278BEB2C5C26ED00412D95 = {
						CreatedOnToolsVersion = 15.4;
						TestTargetID = 61278BDB2C5C26EC00412D95;
					};
					61278BF52C5C26ED00412D95 = {
						CreatedOnToolsVersion = 15.4;
						TestTargetID = 61278BDB2C5C26EC00412D95;
					};
				};
			};
			buildConfigurationList = 61278BD72C5C26EC00412D95 /* Build configuration list for PBXProject "WordCloudGenerator" */;
			compatibilityVersion = "Xcode 14.0";
			developmentRegion = en;
			hasScannedForEncodings = 0;
			knownRegions = (
				en,
				Base,
			);
			mainGroup = 61278BD32C5C26EC00412D95;
			productRefGroup = 61278BDD2C5C26EC00412D95 /* Products */;
			projectDirPath = "";
			projectRoot = "";
			targets = (
				61278BDB2C5C26EC00412D95 /* WordCloudGenerator */,
				61278BEB2C5C26ED00412D95 /* WordCloudGeneratorTests */,
				61278BF52C5C26ED00412D95 /* WordCloudGeneratorUITests */,
			);
		};
/* End PBXProject section */

/* Begin PBXResourcesBuildPhase section */
		61278BDA2C5C26EC00412D95 /* Resources */ = {
			isa = PBXResourcesBuildPhase;
			buildActionMask = 2147483647;
			files = (
				61278BE72C5C26ED00412D95 /* Preview Assets.xcassets in Resources */,
				61278BE42C5C26ED00412D95 /* Assets.xcassets in Resources */,
			);
			runOnlyForDeploymentPostprocessing = 0;
		};
		61278BEA2C5C26ED00412D95 /* Resources */ = {
			isa = PBXResourcesBuildPhase;
			buildActionMask = 2147483647;
			files = (
			);
			runOnlyForDeploymentPostprocessing = 0;
		};
		61278BF42C5C26ED00412D95 /* Resources */ = {
			isa = PBXResourcesBuildPhase;
			buildActionMask = 2147483647;
			files = (
			);
			runOnlyForDeploymentPostprocessing = 0;
		};
/* End PBXResourcesBuildPhase section */

/* Begin PBXSourcesBuildPhase section */
		61278BD82C5C26EC00412D95 /* Sources */ = {
			isa = PBXSourcesBuildPhase;
			buildActionMask = 2147483647;
			files = (
				61278BE22C5C26EC00412D95 /* ContentView.swift in Sources */,
				61278BE02C5C26EC00412D95 /* WordCloudGeneratorApp.swift in Sources */,
			);
			runOnlyForDeploymentPostprocessing = 0;
		};
		61278BE82C5C26ED00412D95 /* Sources */ = {
			isa = PBXSourcesBuildPhase;
			buildActionMask = 2147483647;
			files = (
				61278BF12C5C26ED00412D95 /* WordCloudGeneratorTests.swift in Sources */,
			);
			runOnlyForDeploymentPostprocessing = 0;
		};
		61278BF22C5C26ED00412D95 /* Sources */ = {
			isa = PBXSourcesBuildPhase;
			buildActionMask = 2147483647;
			files = (
				61278BFD2C5C26ED00412D95 /* WordCloudGeneratorUITestsLaunchTests.swift in Sources */,
				61278BFB2C5C26ED00412D95 /* WordCloudGeneratorUITests.swift in Sources */,
			);
			runOnlyForDeploymentPostprocessing = 0;
		};
/* End PBXSourcesBuildPhase section */

/* Begin PBXTargetDependency section */
		61278BEE2C5C26ED00412D95 /* PBXTargetDependency */ = {
			isa = PBXTargetDependency;
			target = 61278BDB2C5C26EC00412D95 /* WordCloudGenerator */;
			targetProxy = 61278BED2C5C26ED00412D95 /* PBXContainerItemProxy */;
		};
		61278BF82C5C26ED00412D95 /* PBXTargetDependency */ = {
			isa = PBXTargetDependency;
			target = 61278BDB2C5C26EC00412D95 /* WordCloudGenerator */;
			targetProxy = 61278BF72C5C26ED00412D95 /* PBXContainerItemProxy */;
		};
/* End PBXTargetDependency section */

/* Begin XCBuildConfiguration section */
		61278BFE2C5C26ED00412D95 /* Debug */ = {
			isa = XCBuildConfiguration;
			buildSettings = {
				ALWAYS_SEARCH_USER_PATHS = NO;
				ASSETCATALOG_COMPILER_GENERATE_SWIFT_ASSET_SYMBOL_EXTENSIONS = YES;
				CLANG_ANALYZER_NONNULL = YES;
				CLANG_ANALYZER_NUMBER_OBJECT_CONVERSION = YES_AGGRESSIVE;
				CLANG_CXX_LANGUAGE_STANDARD = "gnu++20";
				CLANG_ENABLE_MODULES = YES;
				CLANG_ENABLE_OBJC_ARC = YES;
				CLANG_ENABLE_OBJC_WEAK = YES;
				CLANG_WARN_BLOCK_CAPTURE_AUTORELEASING = YES;
				CLANG_WARN_BOOL_CONVERSION = YES;
				CLANG_WARN_COMMA = YES;
				CLANG_WARN_CONSTANT_CONVERSION = YES;
				CLANG_WARN_DEPRECATED_OBJC_IMPLEMENTATIONS = YES;
				CLANG_WARN_DIRECT_OBJC_ISA_USAGE = YES_ERROR;
				CLANG_WARN_DOCUMENTATION_COMMENTS = YES;
				CLANG_WARN_EMPTY_BODY = YES;
				CLANG_WARN_ENUM_CONVERSION = YES;
				CLANG_WARN_INFINITE_RECURSION = YES;
				CLANG_WARN_INT_CONVERSION = YES;
				CLANG_WARN_NON_LITERAL_NULL_CONVERSION = YES;
				CLANG_WARN_OBJC_IMPLICIT_RETAIN_SELF = YES;
				CLANG_WARN_OBJC_LITERAL_CONVERSION = YES;
				CLANG_WARN_OBJC_ROOT_CLASS = YES_ERROR;
				CLANG_WARN_QUOTED_INCLUDE_IN_FRAMEWORK_HEADER = YES;
				CLANG_WARN_RANGE_LOOP_ANALYSIS = YES;
				CLANG_WARN_STRICT_PROTOTYPES = YES;
				CLANG_WARN_SUSPICIOUS_MOVE = YES;
				CLANG_WARN_UNGUARDED_AVAILABILITY = YES_AGGRESSIVE;
				CLANG_WARN_UNREACHABLE_CODE = YES;
				CLANG_WARN__DUPLICATE_METHOD_MATCH = YES;
				COPY_PHASE_STRIP = NO;
				DEBUG_INFORMATION_FORMAT = dwarf;
				ENABLE_STRICT_OBJC_MSGSEND = YES;
				ENABLE_TESTABILITY = YES;
				ENABLE_USER_SCRIPT_SANDBOXING = YES;
				GCC_C_LANGUAGE_STANDARD = gnu17;
				GCC_DYNAMIC_NO_PIC = NO;
				GCC_NO_COMMON_BLOCKS = YES;
				GCC_OPTIMIZATION_LEVEL = 0;
				GCC_PREPROCESSOR_DEFINITIONS = (
					"DEBUG=1",
					"$(inherited)",
				);
				GCC_WARN_64_TO_32_BIT_CONVERSION = YES;
				GCC_WARN_ABOUT_RETURN_TYPE = YES_ERROR;
				GCC_WARN_UNDECLARED_SELECTOR = YES;
				GCC_WARN_UNINITIALIZED_AUTOS = YES_AGGRESSIVE;
				GCC_WARN_UNUSED_FUNCTION = YES;
				GCC_WARN_UNUSED_VARIABLE = YES;
				IPHONEOS_DEPLOYMENT_TARGET = 17.5;
				LOCALIZATION_PREFERS_STRING_CATALOGS = YES;
				MTL_ENABLE_DEBUG_INFO = INCLUDE_SOURCE;
				MTL_FAST_MATH = YES;
				ONLY_ACTIVE_ARCH = YES;
				SDKROOT = iphoneos;
				SWIFT_ACTIVE_COMPILATION_CONDITIONS = "DEBUG $(inherited)";
				SWIFT_OPTIMIZATION_LEVEL = "-Onone";
			};
			name = Debug;
		};
		61278BFF2C5C26ED00412D95 /* Release */ = {
			isa = XCBuildConfiguration;
			buildSettings = {
				ALWAYS_SEARCH_USER_PATHS = NO;
				ASSETCATALOG_COMPILER_GENERATE_SWIFT_ASSET_SYMBOL_EXTENSIONS = YES;
				CLANG_ANALYZER_NONNULL = YES;
				CLANG_ANALYZER_NUMBER_OBJECT_CONVERSION = YES_AGGRESSIVE;
				CLANG_CXX_LANGUAGE_STANDARD = "gnu++20";
				CLANG_ENABLE_MODULES = YES;
				CLANG_ENABLE_OBJC_ARC = YES;
				CLANG_ENABLE_OBJC_WEAK = YES;
				CLANG_WARN_BLOCK_CAPTURE_AUTORELEASING = YES;
				CLANG_WARN_BOOL_CONVERSION = YES;
				CLANG_WARN_COMMA = YES;
				CLANG_WARN_CONSTANT_CONVERSION = YES;
				CLANG_WARN_DEPRECATED_OBJC_IMPLEMENTATIONS = YES;
				CLANG_WARN_DIRECT_OBJC_ISA_USAGE = YES_ERROR;
				CLANG_WARN_DOCUMENTATION_COMMENTS = YES;
				CLANG_WARN_EMPTY_BODY = YES;
				CLANG_WARN_ENUM_CONVERSION = YES;
				CLANG_WARN_INFINITE_RECURSION = YES;
				CLANG_WARN_INT_CONVERSION = YES;
				CLANG_WARN_NON_LITERAL_NULL_CONVERSION = YES;
				CLANG_WARN_OBJC_IMPLICIT_RETAIN_SELF = YES;
				CLANG_WARN_OBJC_LITERAL_CONVERSION = YES;
				CLANG_WARN_OBJC_ROOT_CLASS = YES_ERROR;
				CLANG_WARN_QUOTED_INCLUDE_IN_FRAMEWORK_HEADER = YES;
				CLANG_WARN_RANGE_LOOP_ANALYSIS = YES;
				CLANG_WARN_STRICT_PROTOTYPES = YES;
				CLANG_WARN_SUSPICIOUS_MOVE = YES;
				CLANG_WARN_UNGUARDED_AVAILABILITY = YES_AGGRESSIVE;
				CLANG_WARN_UNREACHABLE_CODE = YES;
				CLANG_WARN__DUPLICATE_METHOD_MATCH = YES;
				COPY_PHASE_STRIP = NO;
				DEBUG_INFORMATION_FORMAT = "dwarf-with-dsym";
				ENABLE_NS_ASSERTIONS = NO;
				ENABLE_STRICT_OBJC_MSGSEND = YES;
				ENABLE_USER_SCRIPT_SANDBOXING = YES;
				GCC_C_LANGUAGE_STANDARD = gnu17;
				GCC_NO_COMMON_BLOCKS = YES;
				GCC_WARN_64_TO_32_BIT_CONVERSION = YES;
				GCC_WARN_ABOUT_RETURN_TYPE = YES_ERROR;
				GCC_WARN_UNDECLARED_SELECTOR = YES;
				GCC_WARN_UNINITIALIZED_AUTOS = YES_AGGRESSIVE;
				GCC_WARN_UNUSED_FUNCTION = YES;
				GCC_WARN_UNUSED_VARIABLE = YES;
				IPHONEOS_DEPLOYMENT_TARGET = 17.5;
				LOCALIZATION_PREFERS_STRING_CATALOGS = YES;
				MTL_ENABLE_DEBUG_INFO = NO;
				MTL_FAST_MATH = YES;
				SDKROOT = iphoneos;
				SWIFT_COMPILATION_MODE = wholemodule;
				VALIDATE_PRODUCT = YES;
			};
			name = Release;
		};
		61278C012C5C26ED00412D95 /* Debug */ = {
			isa = XCBuildConfiguration;
			buildSettings = {
				ASSETCATALOG_COMPILER_APPICON_NAME = AppIcon;
				ASSETCATALOG_COMPILER_GLOBAL_ACCENT_COLOR_NAME = AccentColor;
				CODE_SIGN_STYLE = Automatic;
				CURRENT_PROJECT_VERSION = 1;
				DEVELOPMENT_ASSET_PATHS = "\"WordCloudGenerator/Preview Content\"";
				ENABLE_PREVIEWS = YES;
				GENERATE_INFOPLIST_FILE = YES;
				INFOPLIST_KEY_UIApplicationSceneManifest_Generation = YES;
				INFOPLIST_KEY_UIApplicationSupportsIndirectInputEvents = YES;
				INFOPLIST_KEY_UILaunchScreen_Generation = YES;
				INFOPLIST_KEY_UISupportedInterfaceOrientations_iPad = "UIInterfaceOrientationPortrait UIInterfaceOrientationPortraitUpsideDown UIInterfaceOrientationLandscapeLeft UIInterfaceOrientationLandscapeRight";
				INFOPLIST_KEY_UISupportedInterfaceOrientations_iPhone = "UIInterfaceOrientationPortrait UIInterfaceOrientationLandscapeLeft UIInterfaceOrientationLandscapeRight";
				LD_RUNPATH_SEARCH_PATHS = (
					"$(inherited)",
					"@executable_path/Frameworks",
				);
				MARKETING_VERSION = 1.0;
				PRODUCT_BUNDLE_IDENTIFIER = com.alonsodelarte.text.WordCloudGenerator;
				PRODUCT_NAME = "$(TARGET_NAME)";
				SWIFT_EMIT_LOC_STRINGS = YES;
				SWIFT_VERSION = 5.0;
				TARGETED_DEVICE_FAMILY = "1,2";
			};
			name = Debug;
		};
		61278C022C5C26ED00412D95 /* Release */ = {
			isa = XCBuildConfiguration;
			buildSettings = {
				ASSETCATALOG_COMPILER_APPICON_NAME = AppIcon;
				ASSETCATALOG_COMPILER_GLOBAL_ACCENT_COLOR_NAME = AccentColor;
				CODE_SIGN_STYLE = Automatic;
				CURRENT_PROJECT_VERSION = 1;
				DEVELOPMENT_ASSET_PATHS = "\"WordCloudGenerator/Preview Content\"";
				ENABLE_PREVIEWS = YES;
				GENERATE_INFOPLIST_FILE = YES;
				INFOPLIST_KEY_UIApplicationSceneManifest_Generation = YES;
				INFOPLIST_KEY_UIApplicationSupportsIndirectInputEvents = YES;
				INFOPLIST_KEY_UILaunchScreen_Generation = YES;
				INFOPLIST_KEY_UISupportedInterfaceOrientations_iPad = "UIInterfaceOrientationPortrait UIInterfaceOrientationPortraitUpsideDown UIInterfaceOrientationLandscapeLeft UIInterfaceOrientationLandscapeRight";
				INFOPLIST_KEY_UISupportedInterfaceOrientations_iPhone = "UIInterfaceOrientationPortrait UIInterfaceOrientationLandscapeLeft UIInterfaceOrientationLandscapeRight";
				LD_RUNPATH_SEARCH_PATHS = (
					"$(inherited)",
					"@executable_path/Frameworks",
				);
				MARKETING_VERSION = 1.0;
				PRODUCT_BUNDLE_IDENTIFIER = com.alonsodelarte.text.WordCloudGenerator;
				PRODUCT_NAME = "$(TARGET_NAME)";
				SWIFT_EMIT_LOC_STRINGS = YES;
				SWIFT_VERSION = 5.0;
				TARGETED_DEVICE_FAMILY = "1,2";
			};
			name = Release;
		};
		61278C042C5C26ED00412D95 /* Debug */ = {
			isa = XCBuildConfiguration;
			buildSettings = {
				ALWAYS_EMBED_SWIFT_STANDARD_LIBRARIES = YES;
				BUNDLE_LOADER = "$(TEST_HOST)";
				CODE_SIGN_STYLE = Automatic;
				CURRENT_PROJECT_VERSION = 1;
				GENERATE_INFOPLIST_FILE = YES;
				IPHONEOS_DEPLOYMENT_TARGET = 17.5;
				MARKETING_VERSION = 1.0;
				PRODUCT_BUNDLE_IDENTIFIER = com.alonsodelarte.text.WordCloudGeneratorTests;
				PRODUCT_NAME = "$(TARGET_NAME)";
				SWIFT_EMIT_LOC_STRINGS = NO;
				SWIFT_VERSION = 5.0;
				TARGETED_DEVICE_FAMILY = "1,2";
				TEST_HOST = "$(BUILT_PRODUCTS_DIR)/WordCloudGenerator.app/$(BUNDLE_EXECUTABLE_FOLDER_PATH)/WordCloudGenerator";
			};
			name = Debug;
		};
		61278C052C5C26ED00412D95 /* Release */ = {
			isa = XCBuildConfiguration;
			buildSettings = {
				ALWAYS_EMBED_SWIFT_STANDARD_LIBRARIES = YES;
				BUNDLE_LOADER = "$(TEST_HOST)";
				CODE_SIGN_STYLE = Automatic;
				CURRENT_PROJECT_VERSION = 1;
				GENERATE_INFOPLIST_FILE = YES;
				IPHONEOS_DEPLOYMENT_TARGET = 17.5;
				MARKETING_VERSION = 1.0;
				PRODUCT_BUNDLE_IDENTIFIER = com.alonsodelarte.text.WordCloudGeneratorTests;
				PRODUCT_NAME = "$(TARGET_NAME)";
				SWIFT_EMIT_LOC_STRINGS = NO;
				SWIFT_VERSION = 5.0;
				TARGETED_DEVICE_FAMILY = "1,2";
				TEST_HOST = "$(BUILT_PRODUCTS_DIR)/WordCloudGenerator.app/$(BUNDLE_EXECUTABLE_FOLDER_PATH)/WordCloudGenerator";
			};
			name = Release;
		};
		61278C072C5C26ED00412D95 /* Debug */ = {
			isa = XCBuildConfiguration;
			buildSettings = {
				ALWAYS_EMBED_SWIFT_STANDARD_LIBRARIES = YES;
				CODE_SIGN_STYLE = Automatic;
				CURRENT_PROJECT_VERSION = 1;
				GENERATE_INFOPLIST_FILE = YES;
				MARKETING_VERSION = 1.0;
				PRODUCT_BUNDLE_IDENTIFIER = com.alonsodelarte.text.WordCloudGeneratorUITests;
				PRODUCT_NAME = "$(TARGET_NAME)";
				SWIFT_EMIT_LOC_STRINGS = NO;
				SWIFT_VERSION = 5.0;
				TARGETED_DEVICE_FAMILY = "1,2";
				TEST_TARGET_NAME = WordCloudGenerator;
			};
			name = Debug;
		};
		61278C082C5C26ED00412D95 /* Release */ = {
			isa = XCBuildConfiguration;
			buildSettings = {
				ALWAYS_EMBED_SWIFT_STANDARD_LIBRARIES = YES;
				CODE_SIGN_STYLE = Automatic;
				CURRENT_PROJECT_VERSION = 1;
				GENERATE_INFOPLIST_FILE = YES;
				MARKETING_VERSION = 1.0;
				PRODUCT_BUNDLE_IDENTIFIER = com.alonsodelarte.text.WordCloudGeneratorUITests;
				PRODUCT_NAME = "$(TARGET_NAME)";
				SWIFT_EMIT_LOC_STRINGS = NO;
				SWIFT_VERSION = 5.0;
				TARGETED_DEVICE_FAMILY = "1,2";
				TEST_TARGET_NAME = WordCloudGenerator;
			};
			name = Release;
		};
/* End XCBuildConfiguration section */

/* Begin XCConfigurationList section */
		61278BD72C5C26EC00412D95 /* Build configuration list for PBXProject "WordCloudGenerator" */ = {
			isa = XCConfigurationList;
			buildConfigurations = (
				61278BFE2C5C26ED00412D95 /* Debug */,
				61278BFF2C5C26ED00412D95 /* Release */,
			);
			defaultConfigurationIsVisible = 0;
			defaultConfigurationName = Release;
		};
		61278C002C5C26ED00412D95 /* Build configuration list for PBXNativeTarget "WordCloudGenerator" */ = {
			isa = XCConfigurationList;
			buildConfigurations = (
				61278C012C5C26ED00412D95 /* Debug */,
				61278C022C5C26ED00412D95 /* Release */,
			);
			defaultConfigurationIsVisible = 0;
			defaultConfigurationName = Release;
		};
		61278C032C5C26ED00412D95 /* Build configuration list for PBXNativeTarget "WordCloudGeneratorTests" */ = {
			isa = XCConfigurationList;
			buildConfigurations = (
				61278C042C5C26ED00412D95 /* Debug */,
				61278C052C5C26ED00412D95 /* Release */,
			);
			defaultConfigurationIsVisible = 0;
			defaultConfigurationName = Release;
		};
		61278C062C5C26ED00412D95 /* Build configuration list for PBXNativeTarget "WordCloudGeneratorUITests" */ = {
			isa = XCConfigurationList;
			buildConfigurations = (
				61278C072C5C26ED00412D95 /* Debug */,
				61278C082C5C26ED00412D95 /* Release */,
			);
			defaultConfigurationIsVisible = 0;
			defaultConfigurationName = Release;
		};
/* End XCConfigurationList section */
	};
	rootObject = 61278BD42C5C26EC00412D95 /* Project object */;
}
